<?xml version="1.0" encoding="utf-8"?>
<Project ToolsVersion="4.0" xmlns="http://schemas.microsoft.com/developer/msbuild/2003">
  <ItemGroup>
    <Filter Include="Source Files">
      <UniqueIdentifier>{4FC737F1-C7A5-4376-A066-2A32D752A2FF}</UniqueIdentifier>
      <Extensions>cpp;c;cc;cxx;def;odl;idl;hpj;bat;asm;asmx</Extensions>
    </Filter>
    <Filter Include="Resource Files">
      <UniqueIdentifier>{67DA6AB6-F800-4c08-8B7A-83BB121AAD01}</UniqueIdentifier>
      <Extensions>rc;ico;cur;bmp;dlg;rc2;rct;bin;rgs;gif;jpg;jpeg;jpe;resx;tiff;tif;png;wav;mfcribbon-ms</Extensions>
    </Filter>
    <Filter Include="Source Files\Framework">
      <UniqueIdentifier>{4f3a1a5e-c170-442d-9ab7-1a834dbbd4f5}</UniqueIdentifier>
    </Filter>
    <Filter Include="Source Files\ScriptEngine">
      <UniqueIdentifier>{ac05c7e0-359c-41e5-8a21-e22b7f4661b1}</UniqueIdentifier>
    </Filter>
    <Filter Include="Source Files\Dependencies">
      <UniqueIdentifier>{64976279-09c2-430a-97d0-1996f0debc9f}</UniqueIdentifier>
    </Filter>
    <Filter Include="Source Files\Dependencies\glad">
      <UniqueIdentifier>{b535defa-081a-46bc-93f6-42959e71025f}</UniqueIdentifier>
    </Filter>
    <Filter Include="Source Files\Dependencies\glad\src">
      <UniqueIdentifier>{b0e248a8-d18e-4c90-b739-0d63c87a4f62}</UniqueIdentifier>
    </Filter>
    <Filter Include="Source Files\Graphics">
      <UniqueIdentifier>{f7e780dc-b646-4d1e-8305-e40649960b6f}</UniqueIdentifier>
    </Filter>
    <Filter Include="Source Files\Shader">
      <UniqueIdentifier>{f07daae7-8e31-41d9-b7e1-d20cf407b493}</UniqueIdentifier>
    </Filter>
    <Filter Include="Source Files\Dependencies\gl">
      <UniqueIdentifier>{7da42d78-6248-46f1-94ec-e00d6acd44a8}</UniqueIdentifier>
    </Filter>
    <Filter Include="Source Files\Renderer">
      <UniqueIdentifier>{f1f06147-49ff-4af6-9895-b5f3e659c7a6}</UniqueIdentifier>
    </Filter>
  </ItemGroup>
  <ItemGroup>
    <ClInclude Include="Framework\DebugContext.h">
      <Filter>Source Files\Framework</Filter>
    </ClInclude>
    <ClInclude Include="Window.h">
      <Filter>Source Files\Framework</Filter>
    </ClInclude>
    <ClInclude Include="Framework\Application.h">
      <Filter>Source Files\Framework</Filter>
    </ClInclude>
    <ClInclude Include="Graphics\IRenderer.h">
      <Filter>Source Files\Graphics</Filter>
    </ClInclude>
    <ClInclude Include="Graphics\IModel.h">
      <Filter>Source Files\Graphics</Filter>
    </ClInclude>
    <ClInclude Include="Graphics\IShape.h">
      <Filter>Source Files\Graphics</Filter>
    </ClInclude>
    <ClInclude Include="Graphics\IShader.h">
      <Filter>Source Files\Graphics</Filter>
    </ClInclude>
    <ClInclude Include="ObjShape.h">
      <Filter>Source Files</Filter>
    </ClInclude>
    <ClInclude Include="ObjModel.h">
      <Filter>Source Files</Filter>
    </ClInclude>
    <ClInclude Include="Graphics\Shader.h">
      <Filter>Source Files\Graphics</Filter>
    </ClInclude>
    <ClInclude Include="Graphics\Program.h">
      <Filter>Source Files\Graphics</Filter>
    </ClInclude>
    <ClInclude Include="SimpleShader.h">
      <Filter>Source Files</Filter>
    </ClInclude>
    <ClInclude Include="Graphics\ICamera.h">
      <Filter>Source Files\Graphics</Filter>
    </ClInclude>
    <ClInclude Include="ProjectionCamera.h">
      <Filter>Source Files</Filter>
    </ClInclude>
    <ClInclude Include="Framework\IKeyReceiver.h">
      <Filter>Source Files\Framework</Filter>
    </ClInclude>
    <ClInclude Include="Framework\IMouseReceiver.h">
      <Filter>Source Files\Framework</Filter>
    </ClInclude>
    <ClInclude Include="Framework\ITickReveicer.h">
      <Filter>Source Files\Framework</Filter>
    </ClInclude>
    <ClInclude Include="Graphics\IMaterial.h">
      <Filter>Source Files\Graphics</Filter>
    </ClInclude>
    <ClInclude Include="SimpleMaterial.h">
      <Filter>Source Files</Filter>
    </ClInclude>
    <ClInclude Include="Framework\IWindowReceiver.h">
      <Filter>Source Files\Framework</Filter>
    </ClInclude>
    <ClInclude Include="ScriptEngine\ScriptEngine.h">
      <Filter>Source Files\ScriptEngine</Filter>
    </ClInclude>
    <ClInclude Include="ScriptEngine\Token.h">
      <Filter>Source Files\ScriptEngine</Filter>
    </ClInclude>
    <ClInclude Include="FullscreenQuadShader.h">
      <Filter>Source Files</Filter>
    </ClInclude>
    <ClInclude Include="Graphics\GpuTimer.h">
      <Filter>Source Files\Graphics</Filter>
    </ClInclude>
    <ClInclude Include="Framework\Profiler.h">
      <Filter>Source Files\Framework</Filter>
    </ClInclude>
    <ClInclude Include="Dependencies\stbi_helper.h">
      <Filter>Source Files\Dependencies</Filter>
    </ClInclude>
    <ClInclude Include="Framework\AsynchInput.h">
      <Filter>Source Files\Framework</Filter>
    </ClInclude>
    <ClInclude Include="Dependencies\gl\buffer.hpp">
      <Filter>Source Files\Dependencies\gl</Filter>
    </ClInclude>
    <ClInclude Include="Dependencies\opengl.h">
      <Filter>Source Files\Dependencies</Filter>
    </ClInclude>
    <ClInclude Include="Dependencies\gl\id.h">
      <Filter>Source Files\Dependencies\gl</Filter>
    </ClInclude>
    <ClInclude Include="Dependencies\gl\texture.hpp">
      <Filter>Source Files\Dependencies\gl</Filter>
    </ClInclude>
    <ClInclude Include="Dependencies\gl\format.h">
      <Filter>Source Files\Dependencies\gl</Filter>
    </ClInclude>
    <ClInclude Include="Graphics\CachedTexture2D.h">
      <Filter>Source Files\Graphics</Filter>
    </ClInclude>
    <ClInclude Include="Dependencies\gl\sampler.hpp">
      <Filter>Source Files\Dependencies\gl</Filter>
    </ClInclude>
    <ClInclude Include="Graphics\SamplerCache.h">
      <Filter>Source Files\Graphics</Filter>
    </ClInclude>
    <ClInclude Include="Dependencies\gl\constants.h">
      <Filter>Source Files\Dependencies\gl</Filter>
    </ClInclude>
    <ClInclude Include="Dependencies\gl\renderbuffer.hpp">
      <Filter>Source Files\Dependencies\gl</Filter>
    </ClInclude>
    <ClInclude Include="Dependencies\gl\framebuffer.hpp">
      <Filter>Source Files\Dependencies\gl</Filter>
    </ClInclude>
    <ClInclude Include="Dependencies\gl\query.h">
      <Filter>Source Files\Dependencies\gl</Filter>
    </ClInclude>
    <ClInclude Include="Dependencies\gl\vertexarrayobject.hpp">
      <Filter>Source Files\Dependencies\gl</Filter>
    </ClInclude>
    <ClInclude Include="AdaptiveTransparencyRenderer.h">
      <Filter>Source Files\Renderer</Filter>
    </ClInclude>
    <ClInclude Include="SimpleForwardRenderer.h">
      <Filter>Source Files\Renderer</Filter>
    </ClInclude>
    <ClInclude Include="WeightedTransparency.h">
      <Filter>Source Files\Renderer</Filter>
    </ClInclude>
    <ClInclude Include="LinkedVisibility.h">
      <Filter>Source Files\Renderer</Filter>
    </ClInclude>
  </ItemGroup>
  <ItemGroup>
    <ClCompile Include="Dependencies\glad\src\glad.c">
      <Filter>Source Files\Dependencies\glad\src</Filter>
    </ClCompile>
    <ClCompile Include="Window.cpp">
      <Filter>Source Files\Framework</Filter>
    </ClCompile>
    <ClCompile Include="Framework\DebugContext.cpp">
      <Filter>Source Files\Framework</Filter>
    </ClCompile>
    <ClCompile Include="Framework\Application.cpp">
      <Filter>Source Files\Framework</Filter>
    </ClCompile>
    <ClCompile Include="ObjModel.cpp">
      <Filter>Source Files</Filter>
    </ClCompile>
    <ClCompile Include="Graphics\Shader.cpp">
      <Filter>Source Files\Graphics</Filter>
    </ClCompile>
    <ClCompile Include="Graphics\Program.cpp">
      <Filter>Source Files\Graphics</Filter>
    </ClCompile>
    <ClCompile Include="ScriptEngine\ScriptEngine.cpp">
      <Filter>Source Files\ScriptEngine</Filter>
    </ClCompile>
    <ClCompile Include="Graphics\ICamera.cpp">
      <Filter>Source Files\Graphics</Filter>
    </ClCompile>
    <ClCompile Include="Framework\Profiler.cpp">
      <Filter>Source Files\Framework</Filter>
    </ClCompile>
    <ClCompile Include="Graphics\CachedTexture2D.cpp">
      <Filter>Source Files\Graphics</Filter>
    </ClCompile>
    <ClCompile Include="AdaptiveTransparencyRenderer.cpp">
      <Filter>Source Files\Renderer</Filter>
    </ClCompile>
    <ClCompile Include="SimpleForwardRenderer.cpp">
      <Filter>Source Files\Renderer</Filter>
    </ClCompile>
    <ClCompile Include="WeightedTransparency.cpp">
      <Filter>Source Files\Renderer</Filter>
    </ClCompile>
    <ClCompile Include="LinkedVisibility.cpp">
      <Filter>Source Files\Renderer</Filter>
    </ClCompile>
    <ClCompile Include="ForwardRenderer.cpp">
      <Filter>Source Files</Filter>
    </ClCompile>
  </ItemGroup>
  <ItemGroup>
    <None Include="Shader\DefaultShader.fs">
      <Filter>Source Files\Shader</Filter>
    </None>
    <None Include="Shader\DefaultShader.vs">
      <Filter>Source Files\Shader</Filter>
    </None>
  </ItemGroup>
</Project>